{
  "version": 4,
  "terraform_version": "0.14.6",
  "serial": 6,
  "lineage": "8270624d-a711-628f-da01-904c8a3f80a5",
  "outputs": {},
  "resources": [
    {
      "mode": "managed",
      "type": "google_compute_instance",
      "name": "ecommerce",
      "provider": "provider[\"registry.terraform.io/hashicorp/google\"]",
      "instances": [
        {
          "schema_version": 6,
          "attributes": {
            "allow_stopping_for_update": null,
            "attached_disk": [],
            "boot_disk": [
              {
                "auto_delete": true,
                "device_name": "ecommerce",
                "disk_encryption_key_raw": "",
                "disk_encryption_key_sha256": "",
                "initialize_params": [
                  {
                    "image": "https://www.googleapis.com/compute/v1/projects/ppds-infrastructure/global/images/image-ecommerce",
                    "labels": {},
                    "size": 10,
                    "type": "pd-standard"
                  }
                ],
                "kms_key_self_link": "",
                "mode": "READ_WRITE",
                "source": "https://www.googleapis.com/compute/v1/projects/ppds-apple/zones/asia-southeast1-c/disks/ecommerce"
              }
            ],
            "can_ip_forward": false,
            "confidential_instance_config": [
              {
                "enable_confidential_compute": false
              }
            ],
            "cpu_platform": "AMD Rome",
            "current_status": "RUNNING",
            "deletion_protection": false,
            "description": "",
            "desired_status": null,
            "enable_display": false,
            "guest_accelerator": [],
            "hostname": "",
            "id": "projects/ppds-apple/zones/asia-southeast1-c/instances/ecommerce",
            "instance_id": "4470376963318758640",
            "label_fingerprint": "42WmSpB8rSM=",
            "labels": {},
            "machine_type": "e2-micro",
            "metadata": {},
            "metadata_fingerprint": "Isjdvc6Lg0U=",
            "metadata_startup_script": "",
            "min_cpu_platform": "",
            "name": "ecommerce",
            "network_interface": [
              {
                "access_config": [
                  {
                    "nat_ip": "35.240.197.237",
                    "network_tier": "PREMIUM",
                    "public_ptr_domain_name": ""
                  }
                ],
                "alias_ip_range": [],
                "name": "nic0",
                "network": "https://www.googleapis.com/compute/v1/projects/ppds-apple/global/networks/default",
                "network_ip": "10.148.0.3",
                "subnetwork": "https://www.googleapis.com/compute/v1/projects/ppds-apple/regions/asia-southeast1/subnetworks/default",
                "subnetwork_project": "ppds-apple"
              }
            ],
            "project": "ppds-apple",
            "resource_policies": [],
            "scheduling": [
              {
                "automatic_restart": true,
                "node_affinities": [],
                "on_host_maintenance": "MIGRATE",
                "preemptible": false
              }
            ],
            "scratch_disk": [],
            "self_link": "https://www.googleapis.com/compute/v1/projects/ppds-apple/zones/asia-southeast1-c/instances/ecommerce",
            "service_account": [
              {
                "email": "948472938217-compute@developer.gserviceaccount.com",
                "scopes": [
                  "https://www.googleapis.com/auth/devstorage.read_only",
                  "https://www.googleapis.com/auth/logging.write",
                  "https://www.googleapis.com/auth/monitoring.write",
                  "https://www.googleapis.com/auth/service.management.readonly",
                  "https://www.googleapis.com/auth/servicecontrol",
                  "https://www.googleapis.com/auth/trace.append"
                ]
              }
            ],
            "shielded_instance_config": [
              {
                "enable_integrity_monitoring": true,
                "enable_secure_boot": false,
                "enable_vtpm": true
              }
            ],
            "tags": [
              "http-server",
              "https-server"
            ],
            "tags_fingerprint": "6smc4R4d39I=",
            "timeouts": {
              "create": null,
              "delete": null,
              "update": null
            },
            "zone": "asia-southeast1-c"
          },
          "sensitive_attributes": [],
          "private": "eyJlMmJmYjczMC1lY2FhLTExZTYtOGY4OC0zNDM2M2JjN2M0YzAiOnsiY3JlYXRlIjoxMjAwMDAwMDAwMDAwLCJkZWxldGUiOjEyMDAwMDAwMDAwMDAsInVwZGF0ZSI6MTIwMDAwMDAwMDAwMH0sInNjaGVtYV92ZXJzaW9uIjoiNiJ9"
        }
      ]
    },
    {
      "mode": "managed",
      "type": "google_compute_instance",
      "name": "nodejs",
      "provider": "provider[\"registry.terraform.io/hashicorp/google\"]",
      "instances": [
        {
          "schema_version": 6,
          "attributes": {
            "allow_stopping_for_update": null,
            "attached_disk": [],
            "boot_disk": [
              {
                "auto_delete": true,
                "device_name": "ecommerce",
                "disk_encryption_key_raw": "",
                "disk_encryption_key_sha256": "",
                "initialize_params": [
                  {
                    "image": "",
                    "labels": {},
                    "size": 10,
                    "type": "pd-standard"
                  }
                ],
                "kms_key_self_link": "",
                "mode": "READ_WRITE",
                "source": "https://www.googleapis.com/compute/v1/projects/ppds-apple/zones/asia-southeast1-c/disks/nodejs"
              }
            ],
            "can_ip_forward": false,
            "confidential_instance_config": [
              {
                "enable_confidential_compute": false
              }
            ],
            "cpu_platform": "AMD Rome",
            "current_status": "RUNNING",
            "deletion_protection": false,
            "description": "",
            "desired_status": null,
            "enable_display": false,
            "guest_accelerator": [],
            "hostname": "",
            "id": "projects/ppds-apple/zones/asia-southeast1-c/instances/nodejs",
            "instance_id": "8001115753104048655",
            "label_fingerprint": "42WmSpB8rSM=",
            "labels": {},
            "machine_type": "e2-micro",
            "metadata": {},
            "metadata_fingerprint": "Isjdvc6Lg0U=",
            "metadata_startup_script": "",
            "min_cpu_platform": "",
            "name": "nodejs",
            "network_interface": [
              {
                "access_config": [
                  {
                    "nat_ip": "34.87.156.250",
                    "network_tier": "PREMIUM",
                    "public_ptr_domain_name": ""
                  }
                ],
                "alias_ip_range": [],
                "name": "nic0",
                "network": "https://www.googleapis.com/compute/v1/projects/ppds-apple/global/networks/default",
                "network_ip": "10.148.0.9",
                "subnetwork": "https://www.googleapis.com/compute/v1/projects/ppds-apple/regions/asia-southeast1/subnetworks/default",
                "subnetwork_project": "ppds-apple"
              }
            ],
            "project": "ppds-apple",
            "resource_policies": [],
            "scheduling": [
              {
                "automatic_restart": true,
                "node_affinities": [],
                "on_host_maintenance": "MIGRATE",
                "preemptible": false
              }
            ],
            "scratch_disk": [],
            "self_link": "https://www.googleapis.com/compute/v1/projects/ppds-apple/zones/asia-southeast1-c/instances/nodejs",
            "service_account": [
              {
                "email": "948472938217-compute@developer.gserviceaccount.com",
                "scopes": [
                  "https://www.googleapis.com/auth/devstorage.read_only",
                  "https://www.googleapis.com/auth/logging.write",
                  "https://www.googleapis.com/auth/monitoring.write",
                  "https://www.googleapis.com/auth/service.management.readonly",
                  "https://www.googleapis.com/auth/servicecontrol",
                  "https://www.googleapis.com/auth/trace.append"
                ]
              }
            ],
            "shielded_instance_config": [
              {
                "enable_integrity_monitoring": true,
                "enable_secure_boot": false,
                "enable_vtpm": true
              }
            ],
            "tags": [],
            "tags_fingerprint": "42WmSpB8rSM=",
            "timeouts": {
              "create": null,
              "delete": null,
              "update": null
            },
            "zone": "asia-southeast1-c"
          },
          "sensitive_attributes": [],
          "private": "eyJlMmJmYjczMC1lY2FhLTExZTYtOGY4OC0zNDM2M2JjN2M0YzAiOnsiY3JlYXRlIjoxMjAwMDAwMDAwMDAwLCJkZWxldGUiOjEyMDAwMDAwMDAwMDAsInVwZGF0ZSI6MTIwMDAwMDAwMDAwMH0sInNjaGVtYV92ZXJzaW9uIjoiNiJ9"
        }
      ]
    },
    {
      "mode": "managed",
      "type": "google_compute_instance",
      "name": "redis",
      "provider": "provider[\"registry.terraform.io/hashicorp/google\"]",
      "instances": [
        {
          "schema_version": 6,
          "attributes": {
            "allow_stopping_for_update": null,
            "attached_disk": [],
            "boot_disk": [
              {
                "auto_delete": true,
                "device_name": "redis",
                "disk_encryption_key_raw": "",
                "disk_encryption_key_sha256": "",
                "initialize_params": [
                  {
                    "image": "https://www.googleapis.com/compute/v1/projects/ppds-infrastructure/global/images/image-redis",
                    "labels": {},
                    "size": 10,
                    "type": "pd-standard"
                  }
                ],
                "kms_key_self_link": "",
                "mode": "READ_WRITE",
                "source": "https://www.googleapis.com/compute/v1/projects/ppds-apple/zones/asia-southeast1-c/disks/redis"
              }
            ],
            "can_ip_forward": false,
            "confidential_instance_config": [
              {
                "enable_confidential_compute": false
              }
            ],
            "cpu_platform": "Intel Skylake",
            "current_status": "RUNNING",
            "deletion_protection": false,
            "description": "",
            "desired_status": null,
            "enable_display": false,
            "guest_accelerator": [],
            "hostname": "",
            "id": "projects/ppds-apple/zones/asia-southeast1-c/instances/redis",
            "instance_id": "6187301354054366493",
            "label_fingerprint": "42WmSpB8rSM=",
            "labels": {},
            "machine_type": "e2-micro",
            "metadata": {},
            "metadata_fingerprint": "Isjdvc6Lg0U=",
            "metadata_startup_script": "",
            "min_cpu_platform": "",
            "name": "redis",
            "network_interface": [
              {
                "access_config": [
                  {
                    "nat_ip": "34.87.137.78",
                    "network_tier": "PREMIUM",
                    "public_ptr_domain_name": ""
                  }
                ],
                "alias_ip_range": [],
                "name": "nic0",
                "network": "https://www.googleapis.com/compute/v1/projects/ppds-apple/global/networks/default",
                "network_ip": "10.148.0.4",
                "subnetwork": "https://www.googleapis.com/compute/v1/projects/ppds-apple/regions/asia-southeast1/subnetworks/default",
                "subnetwork_project": "ppds-apple"
              }
            ],
            "project": "ppds-apple",
            "resource_policies": [],
            "scheduling": [
              {
                "automatic_restart": true,
                "node_affinities": [],
                "on_host_maintenance": "MIGRATE",
                "preemptible": false
              }
            ],
            "scratch_disk": [],
            "self_link": "https://www.googleapis.com/compute/v1/projects/ppds-apple/zones/asia-southeast1-c/instances/redis",
            "service_account": [
              {
                "email": "948472938217-compute@developer.gserviceaccount.com",
                "scopes": [
                  "https://www.googleapis.com/auth/devstorage.read_only",
                  "https://www.googleapis.com/auth/logging.write",
                  "https://www.googleapis.com/auth/monitoring.write",
                  "https://www.googleapis.com/auth/service.management.readonly",
                  "https://www.googleapis.com/auth/servicecontrol",
                  "https://www.googleapis.com/auth/trace.append"
                ]
              }
            ],
            "shielded_instance_config": [
              {
                "enable_integrity_monitoring": true,
                "enable_secure_boot": false,
                "enable_vtpm": true
              }
            ],
            "tags": [
              "redis"
            ],
            "tags_fingerprint": "aLX2GdGntbo=",
            "timeouts": {
              "create": null,
              "delete": null,
              "update": null
            },
            "zone": "asia-southeast1-c"
          },
          "sensitive_attributes": [],
          "private": "eyJlMmJmYjczMC1lY2FhLTExZTYtOGY4OC0zNDM2M2JjN2M0YzAiOnsiY3JlYXRlIjoxMjAwMDAwMDAwMDAwLCJkZWxldGUiOjEyMDAwMDAwMDAwMDAsInVwZGF0ZSI6MTIwMDAwMDAwMDAwMH0sInNjaGVtYV92ZXJzaW9uIjoiNiJ9"
        }
      ]
    },
    {
      "mode": "managed",
      "type": "google_sql_database",
      "name": "ecommerce",
      "provider": "provider[\"registry.terraform.io/hashicorp/google\"]",
      "instances": [
        {
          "schema_version": 0,
          "attributes": {
            "charset": "UTF8",
            "collation": "en_US.UTF8",
            "id": "projects/ppds-apple/instances/ecommerce/databases/ecommerce",
            "instance": "ecommerce",
            "name": "ecommerce",
            "project": "ppds-apple",
            "self_link": "https://sqladmin.googleapis.com/sql/v1beta4/projects/ppds-apple/instances/ecommerce/databases/ecommerce",
            "timeouts": {
              "create": null,
              "delete": null,
              "update": null
            }
          },
          "sensitive_attributes": [],
          "private": "eyJlMmJmYjczMC1lY2FhLTExZTYtOGY4OC0zNDM2M2JjN2M0YzAiOnsiY3JlYXRlIjo5MDAwMDAwMDAwMDAsImRlbGV0ZSI6NjAwMDAwMDAwMDAwLCJ1cGRhdGUiOjYwMDAwMDAwMDAwMH0sInNjaGVtYV92ZXJzaW9uIjoiMCJ9"
        }
      ]
    },
    {
      "mode": "managed",
      "type": "google_sql_database_instance",
      "name": "ecommerce",
      "provider": "provider[\"registry.terraform.io/hashicorp/google\"]",
      "instances": [
        {
          "schema_version": 0,
          "attributes": {
            "connection_name": "ppds-apple:asia-southeast1:ecommerce",
            "database_version": "POSTGRES_12",
            "deletion_protection": true,
            "first_ip_address": "34.87.142.10",
            "id": "ecommerce",
            "ip_address": [
              {
                "ip_address": "34.87.142.10",
                "time_to_retire": "",
                "type": "PRIMARY"
              }
            ],
            "master_instance_name": "",
            "name": "ecommerce",
            "private_ip_address": "",
            "project": "ppds-apple",
            "public_ip_address": "34.87.142.10",
            "region": "asia-southeast1",
            "replica_configuration": [],
            "restore_backup_context": [],
            "root_password": null,
            "self_link": "https://sqladmin.googleapis.com/sql/v1beta4/projects/ppds-apple/instances/ecommerce",
            "server_ca_cert": [
              {
                "cert": "-----BEGIN CERTIFICATE-----\nMIIDfzCCAmegAwIBAgIBADANBgkqhkiG9w0BAQsFADB3MS0wKwYDVQQuEyQ0MGVm\nMTc0OS03ZDg5LTQ3MWUtODZiZi01OGYwMTNhM2VkY2MxIzAhBgNVBAMTGkdvb2ds\nZSBDbG91ZCBTUUwgU2VydmVyIENBMRQwEgYDVQQKEwtHb29nbGUsIEluYzELMAkG\nA1UEBhMCVVMwHhcNMjEwMjA5MDcxMTQ1WhcNMzEwMjA3MDcxMjQ1WjB3MS0wKwYD\nVQQuEyQ0MGVmMTc0OS03ZDg5LTQ3MWUtODZiZi01OGYwMTNhM2VkY2MxIzAhBgNV\nBAMTGkdvb2dsZSBDbG91ZCBTUUwgU2VydmVyIENBMRQwEgYDVQQKEwtHb29nbGUs\nIEluYzELMAkGA1UEBhMCVVMwggEiMA0GCSqGSIb3DQEBAQUAA4IBDwAwggEKAoIB\nAQCWGlzFzHVTVs2OYOx2GAR6Y96VJ3nYo77U2hi2uS7G81MVcuAmR2JikR+2ov/2\n9YlGEcNUKM2DtA9JOIsFR2DaQoMBkuuYU9GS7qyV6PLoqGcu+nD+FEOUHrzsG3Hi\nuuFiuPZYaDGDsC2cHEhPcwRufwI/ErupTqZfhHt9Sd3FHXeKSf1B9vpa9FbW0grl\nygeij7V/vH4gE7Q5WubYQxQK2DTVaYTGIe5GQHZEiF3DysxnshMuiGZlLWIpCFGw\nnHFrtqWyj7anF8wFB2HcniiEn9WZPk5xncb5R2cv7gszvQE+fbsoeu2vBuMwarDm\ne60FUwiuCqqKgLyLV7hzxvltAgMBAAGjFjAUMBIGA1UdEwEB/wQIMAYBAf8CAQAw\nDQYJKoZIhvcNAQELBQADggEBABJu+hCfOsOEbbs1CseJkwi/dLZhDK4e1U1YCA28\njNANmfRQ+t/SatLSN7PId70algytrTq7Dbe/22ZLxY45VauNX8umZV9zQW8DJKDq\ny/9EDuPu7/2qjZCzQbfU8S48IxXxGqjmAnIFswqWCwyiHRxAvsrGjzGM6M4vxHjL\nI1qfm8vjgA7o41EBBiBgkECWwTqN9tSD2Kqn4YUTcRXLj0NBI3FjUJ64Xseu16NN\nA32A5ygHJKUmqOllg5GbuSNuVE5Xfiwtf+O2vP2wmVon9pXAX+jLOnKABWkbwQoI\nEry6h4VfjmL4zkeQ1v8gL/3tR6HOJePDU7wGOKwUZT5+dSs=\n-----END CERTIFICATE-----",
                "common_name": "C=US,O=Google\\, Inc,CN=Google Cloud SQL Server CA,dnQualifier=40ef1749-7d89-471e-86bf-58f013a3edcc",
                "create_time": "2021-02-09T07:11:45.489Z",
                "expiration_time": "2031-02-07T07:12:45.489Z",
                "sha1_fingerprint": "2d913cc4488c3b47b2f58cd83cf83c58d5fb1659"
              }
            ],
            "service_account_email_address": "p948472938217-fax2pg@gcp-sa-cloud-sql.iam.gserviceaccount.com",
            "settings": [
              {
                "activation_policy": "ALWAYS",
                "authorized_gae_applications": [],
                "availability_type": "ZONAL",
                "backup_configuration": [
                  {
                    "binary_log_enabled": false,
                    "enabled": true,
                    "location": "asia-southeast1",
                    "point_in_time_recovery_enabled": true,
                    "start_time": "16:00"
                  }
                ],
                "crash_safe_replication": false,
                "database_flags": [],
                "disk_autoresize": false,
                "disk_size": 10,
                "disk_type": "PD_HDD",
                "ip_configuration": [
                  {
                    "authorized_networks": [
                      {
                        "expiration_time": "",
                        "name": "",
                        "value": "0.0.0.0/0"
                      }
                    ],
                    "ipv4_enabled": true,
                    "private_network": "",
                    "require_ssl": false
                  }
                ],
                "location_preference": [
                  {
                    "follow_gae_application": "",
                    "zone": "asia-southeast1-c"
                  }
                ],
                "maintenance_window": [
                  {
                    "day": 7,
                    "hour": 17,
                    "update_track": ""
                  }
                ],
                "pricing_plan": "PER_USE",
                "replication_type": "SYNCHRONOUS",
                "tier": "db-custom-1-3840",
                "user_labels": {},
                "version": 2
              }
            ],
            "timeouts": {
              "create": null,
              "delete": null,
              "update": null
            }
          },
          "sensitive_attributes": [],
          "private": "eyJlMmJmYjczMC1lY2FhLTExZTYtOGY4OC0zNDM2M2JjN2M0YzAiOnsiY3JlYXRlIjoxMjAwMDAwMDAwMDAwLCJkZWxldGUiOjEyMDAwMDAwMDAwMDAsInVwZGF0ZSI6MTIwMDAwMDAwMDAwMH0sInNjaGVtYV92ZXJzaW9uIjoiMCJ9"
        }
      ]
    },
    {
      "mode": "managed",
      "type": "google_sql_user",
      "name": "ecommerce",
      "provider": "provider[\"registry.terraform.io/hashicorp/google\"]",
      "instances": [
        {
          "schema_version": 1,
          "attributes": {
            "deletion_policy": null,
            "host": "",
            "id": "ecommerce//ecommerce",
            "instance": "ecommerce",
            "name": "ecommerce",
            "password": null,
            "project": "ppds-apple",
            "timeouts": {
              "create": null,
              "delete": null,
              "update": null
            },
            "type": ""
          },
          "sensitive_attributes": [],
          "private": "eyJlMmJmYjczMC1lY2FhLTExZTYtOGY4OC0zNDM2M2JjN2M0YzAiOnsiY3JlYXRlIjo2MDAwMDAwMDAwMDAsImRlbGV0ZSI6NjAwMDAwMDAwMDAwLCJ1cGRhdGUiOjYwMDAwMDAwMDAwMH0sInNjaGVtYV92ZXJzaW9uIjoiMSJ9"
        }
      ]
    }
  ]
}
